# sha256 of each downloaded icon, written by `icons fetch`; commit it with the cache.
055e600e93e8a75ac412f314feb8f1e00a9aa3d7db98c8175271aa8d905ad78f  iconify:carbon:gears
b62dcdd6d9b5db403fa553e82150f1c553a5947fa4fff8baf2c7af727f9f1b64  iconify:flat-color-icons:linux
23f571a98af93e018d962fed0fdd06f23b3728a4e07926645d2238ab5a9847f5  iconify:fluent-color:apps-24
f6a829f053d41363587c0c2225c9bc0b3b7d5bd95ff422e490d3abfa5c9ccf4e  iconify:fluent-color:apps-list-24
372c4182b289e9a303cb901be6dd03cad6432869c44756b809720ef49df24d24  iconify:fluent-color:coin-multiple-24
3646603e62f1d4ddd59d9356477d1ee353fa8a17671ba0e415420f8bb4d6c0ff  iconify:fluent-color:data-area-20
2a97608f97ea51674511c679d9067f5693cdd5355544db6ae37a291468598255  iconify:fluent-color:data-trending-24
d4730c3d0c76a0774198adca3d6d2a9759f657e4a52a36aa2916289601ccf2ce  iconify:fluent-color:database-24
b803d487e6c243d1c539c23b56d4366f9ab3d655e61f597fb66aca42782cf0ee  iconify:fluent-color:people-24
50d275c393a1ced997739d2dc4093805db8b873399e3256445acd8cde4765fb6  iconify:fluent-color:puzzle-piece-24
945fef424cd5fd5f424f4c533695036c7354b053b4efb1044228f0e1b8a8ef62  iconify:fluent-color:settings-24
05c56ea998b6e99afbb9371905f492c9adfa6c94a4fa90007c902c4468b22420  iconify:fluent:add-32-light
e5ba02e5f46d706c8b05f794a7f81189f62b324a9e1b5760e01825d929a3bbd0  iconify:fluent:apps-24-regular
58bf179e38ae6a6aecc1bb0e4ad36687f1a268cdc20ddde79f35cfe261d6f141  iconify:fluent:apps-list-detail-24-regular
8e5be5db7436c91e0ee98b9c3dde0e2a0cfcaae52779cac78d1690ab3fdeb5d1  iconify:fluent:arrow-download-24-regular
7661347c2b5d7ebb32728cbaf646b750575e993693fc4a721e1c26d6a18a4556  iconify:fluent:arrow-swap-24-regular
c3b876f6fd3247449c83e53e194527fecbcbcc34a5069fdd6768ede4f4e60fe3  iconify:fluent:arrow-sync-24-regular
1aac6d46d7285fba3054369167513887c750c2f5d7d2174822dadfe2d9009f07  iconify:fluent:arrow-sync-circle-24-regular
b979c4450b3ddbde4452a43ecc5cc22658bd8524abdc3ed4ae3a8f5c303e4b8a  iconify:fluent:arrow-up-24-filled
20a731f291734588cf4d356ac0bf6d1e3d024a3985c1a2717645296bc4187157  iconify:fluent:braces-variable-24-regular
4f6f10e191a7a613a3c9c3b848c5e15e92b033bf2761b9e15084e8605e2c8f85  iconify:fluent:calendar-clock-24-regular
850bf24e3ee975f49cbbed595ee241fa65170db06b290737316744ec46219c42  iconify:fluent:checkmark-24-regular
63df57bc32d421eaccc3716dc9bbd7d56d83367ba2e353e7ffd58624220f967e  iconify:fluent:chevron-down-24-regular
ad665c0ef4947367f24109c2c4e90dff75c90603080799f778da9903f3f7b151  iconify:fluent:chevron-right-24-regular
46c69d112cdf70a5377fc73ac904e5d4cc808aa6607640d3082a38479963afae  iconify:fluent:chevron-up-24-regular
165ebfc4953bc9499d7895f87994ec8510aa19668e7c580995133b83ebed5b90  iconify:fluent:color-24-regular
01f1fc8330d517a82141ce8a5d411fa23275b42b9c72dbd305b91fbcdc444b07  iconify:fluent:data-line-24-regular
1cd6953c03b217ef2671a8fccd5a8426bcef8260a122b908aee8c69f5244e3a5  iconify:fluent:data-trending-24-regular
58f4ce0fa6c96fa2c962bfabf4d7c4955f1ff886a5ec354e34ed9f63f58fbfd5  iconify:fluent:data-usage-24-regular
19fb77317c94774d95bc5e1c3d2c0a081035923447b07cc56704c56d3d52f0de  iconify:fluent:database-24-regular
69667b4b3c9e180c1bb5a61f6146a8e6b8815e80594253d2796642c25e1e69cb  iconify:fluent:desktop-24-regular
9d4c86f48f81dc523c7fba31270a1ca604200f9af7717eab9eabbb922f6ae587  iconify:fluent:developer-board-24-regular
8eb25e51b2365a786df98327e5ebc5701f9899db352039731127256895217203  iconify:fluent:dismiss-20-regular
ffa29790acf632c2a55d35519476d3723ecbabc27dc6732df42cc3a7cb7adc5b  iconify:fluent:dismiss-circle-24-regular
036e8fcf96d9b72ea9f88eacfeb33a47c1fc4782169afdaa5ec307a6ed5644d3  iconify:fluent:document-bullet-list-24-regular
b393ca9a0cc8d853366f7c6d7ea389b04c1e1000cc65d0656214942bc23edf99  iconify:fluent:document-search-24-regular
05900a0c16e70f22ae7f0060e3927d261af0473d3fe2f7aad2a4de472ea9da69  iconify:fluent:flash-24-regular
01b0d769450f5655cddbf0b24fee226862194d6e46ec9cd4dcf12851fa920d9d  iconify:fluent:folder-24-regular
71410ef8e14f0cad9748803e1ba1e4353a8d41627953a2bc1edfae23e8bb2bc0  iconify:fluent:gauge-24-regular
2653751f2b1cf6fe0f22b2d2d430c0e04be350f62688dfbd66d4dbdae22e6d53  iconify:fluent:hard-drive-24-regular
8a33d2f3a7f99eece039684dad10b6ac8c2b8c9b21910c88c202cc1fe7f80a95  iconify:fluent:heart-pulse-24-regular
38f43927090007ffd0751378e492b52bc6cc1a55f2178ce51b15401443cc9c50  iconify:fluent:image-search-20-regular
933c93ab21b8771272f125a8d8f9ae150908480e119574d46859e9adcad5ea35  iconify:fluent:info-24-regular
71170502528a247b732c7e1bf9120d294338e01e0e11d8f2fc671b2291f45d65  iconify:fluent:laptop-24-regular
094b8f3da54ec2f647c5ccccb99335d10405ed9da665f7b36fa0ad6c5c6a60aa  iconify:fluent:laptop-settings-24-regular
4ff184a8c4841ac1a23c76e80f61542dd1cd558fac5e54503a960be317304432  iconify:fluent:layer-24-regular
0c436030645ccb51867aa1d9319a0972977b7bf0d3603f12fcf9eda6b1c3fdb5  iconify:fluent:maximize-16-regular
40ac19e8c28720cbe426ad2eee5765954d9a43616d6a7ef0ff49cbd08c34d096  iconify:fluent:memory-16-regular
9e8f7d20c8019952992e4533e4ccc8aaaac361346958254dd19dff83ce728739  iconify:fluent:more-horizontal-24-regular
9a496259012435b8637664be6131ddd70ca14ece7d799fb12f5afbd89d03c7c0  iconify:fluent:open-20-regular
809f683e0437dee80cff1bcfaa202486c3dcaa9996529dbc0e0239b8c9f530e2  iconify:fluent:open-24-regular
3d0b62695d1ee8220fe9d8858f1cb2e9177144f9675ebb83e74d9397a13e6dbe  iconify:fluent:pause-24-regular
2df53dc5e0c78bea158a78de839f5f8b62493662fc828bcb0d9dd1cdbf07e149  iconify:fluent:pin-24-filled
ebc72b374cb361d47fe59dac54cd457e5b9f32c477dc785b66e6bfa720d0093d  iconify:fluent:pin-24-regular
11687c5bd437f315e80deef6f20f30372b4a9d1ef53992ce25cd493ace860913  iconify:fluent:pin-off-24-regular
0e87ab9e41932332f3a3c1569a64545e0fbc11a285ebc28759268330d99af7d0  iconify:fluent:play-24-regular
5553d13feac39071b9e47d664d2f96eb92af9ba6cd7706ebea21666d5446d5af  iconify:fluent:plug-connected-24-regular
ce5733f87fbbe12c79ffbced282e5723c2bd7ef9431d9dea51204e979875c264  iconify:fluent:power-24-regular
4fc162e6df5c148c84711d0eb8d67a8c1862ac31b0d69f882e7d9c64255acc7f  iconify:fluent:prohibited-24-regular
26ff4dc05bd3efc663cdf5d466b8dce38edab591e4e66af7c89549163bb8b7d9  iconify:fluent:puzzle-piece-24-regular
38a6beba55adeaa6147e4f830b1fb2ae38defd5c9da3b8096b9b74914d06e88e  iconify:fluent:rocket-24-regular
62c993ff84f5fa3f160d4e05c939c971d3215d386c1e048ab6bdcaa664b51170  iconify:fluent:ruler-24-regular
7e2f65f7cae7b64f4b92d8b7d15fe5a43aafa1301a92eb9ffce0a84ca1ddaf60  iconify:fluent:search-24-regular
af8f11410fe6ef8fed66b6fb7ea9761dea3f4e8cb5a20b473e425f457e1d57e4  iconify:fluent:settings-24-filled
b21b2497f584875e0e2311a4a0c076d17110e78b1b8a8e91abffd9ae0a10abe3  iconify:fluent:settings-24-regular
16383e1dca06bbaee50cd7cdc5ac65b37836516e5dead94ae5c9d90fd4696aaf  iconify:fluent:spinner-ios-20-regular
734311ad966d7dcec5d8f232988283d29f575f078cc184d4e7a964fe381e40c1  iconify:fluent:stethoscope-24-regular
72164b765d142be66a5b1590bff91b7a79749b4785ad02bf3d5597450e6cf779  iconify:fluent:stop-24-regular
b18b7b8ca82840d9703bb8af22d22fbaf1628b926a756ca4dcf59e294b056e51  iconify:fluent:storage-24-regular
6a970324b6ee6302dc7e6067a543db879e6e339b3a6e5fe277c5004d4c51d610  iconify:fluent:subtract-24-regular
b0278b9f6a8fc1e8b2bceae936fc573fe3993bad7f3c198c5cb4e45dd309eecd  iconify:fluent:tab-group-24-filled
c6cb89776fe3a6b90c41f74b122fe69140730d19d56b27177ffca8abad9ef259  iconify:fluent:tab-group-24-regular
76ba33e678de75d9cba437dfde905a4842bcbf2a5344c65e9fd6e1633cd5e7aa  iconify:fluent:table-24-regular
8920198d8e7a31da01efe108afbb4abb968fea71a627046297cb433e5cd03d28  iconify:fluent:toolbox-24-regular
8e481c991affd0972cdda9742a5b599bd97aa6817f9604e715c5ef7ee0e15975  iconify:fluent:top-speed-24-regular
0e4f96eae82d9d5bfc7ea677f2397db8d6da7d5a1e44cbd641ad3dbeec30c78a  iconify:fluent:window-24-regular
fc260dd8c052cc4395d7420cb3e3b40ac59344a68e30dd9f61383d065ed14ec1  iconify:fluent:window-text-20-regular
792da75971a94607369b1246af61b5949bb5bc2730a6e039193c4a0a8f19425c  iconify:logos:centos-icon
1820fe00471df6b9bd7fe1639cacef400c873c7821558e5fcb328739460ab021  iconify:logos:debian
a380656e4d37793305beb874cfc9a4e7f392f3c3162127ec7ad2eadee606b1e2  iconify:logos:fedora
6f712c07bcd00187205cfdcd7fd6776b986b6171b52f96c87c86c03d63e90287  iconify:logos:ubuntu
4822094e25cdb6826a9f67833959434893ef8ac72336b4941a621fc1354c5888  iconify:mdi:docker
